
Microsoft Visual Studio Solution File, Format Version 12.00
# Visual Studio 14
VisualStudioVersion = 14.0.25420.1
MinimumVisualStudioVersion = 10.0.40219.1
Project("{8BB2217D-0F2D-49D1-97BC-3654ED321F3B}") = "dpas.Core", "dpas.Core\dpas.Core.xproj", "{03334850-FE3B-494B-8049-28DA0A5372A6}"
EndProject
Project("{8BB2217D-0F2D-49D1-97BC-3654ED321F3B}") = "dpas.Net", "dpas.Net\dpas.Net.xproj", "{4FC215E9-4F90-4791-83BC-45D5F63C568C}"
EndProject
Project("{8BB2217D-0F2D-49D1-97BC-3654ED321F3B}") = "dpas.Console", "dpas.Console\dpas.Console.xproj", "{98B1FDB8-6274-46E2-9FDA-CF7C7A9A7516}"
EndProject
Project("{8BB2217D-0F2D-49D1-97BC-3654ED321F3B}") = "dpas.Service.Server", "dpas.Service.Server\dpas.Service.Server.xproj", "{1A4B6E33-2D58-4A93-BCBF-DC9805620E14}"
EndProject
Project("{2150E333-8FDC-42A3-9474-1A3956D46DE8}") = "Solution Items", "Solution Items", "{72BD8342-2CCD-4476-9BD0-C9F714CEB99A}"
	ProjectSection(SolutionItems) = preProject
		LICENSE.txt = LICENSE.txt
		README.md = README.md
	EndProjectSection
EndProject
Project("{8BB2217D-0F2D-49D1-97BC-3654ED321F3B}") = "dpas.Web.Application", "dpas.Web.Application\dpas.Web.Application.xproj", "{8FCE52A0-FE78-45F3-825C-F130A50D8F23}"
EndProject
Project("{8BB2217D-0F2D-49D1-97BC-3654ED321F3B}") = "dpas.Net.Http", "dpas.Net.Http\dpas.Net.Http.xproj", "{91B2563C-2597-4D20-BC98-564D5B0F5BE0}"
EndProject
Project("{8BB2217D-0F2D-49D1-97BC-3654ED321F3B}") = "dpas.Net.Http.Mvc", "dpas.Net.Http.Mvc\dpas.Net.Http.Mvc.xproj", "{438A85B0-72A0-4BB1-9991-20CDD45A8B9C}"
EndProject
Project("{8BB2217D-0F2D-49D1-97BC-3654ED321F3B}") = "dpas.Service.Project", "dpas.Service.Project\dpas.Service.Project.xproj", "{A4F3D22A-F28F-42EC-87B7-3430DBAFC91E}"
EndProject
Project("{8BB2217D-0F2D-49D1-97BC-3654ED321F3B}") = "dpas.Core.Data", "dpas.Core.Data\dpas.Core.Data.xproj", "{A6C84E3C-2608-4C1B-A7D0-7508824C9AF7}"
EndProject
Project("{8BB2217D-0F2D-49D1-97BC-3654ED321F3B}") = "dpas.Console.Test", "dpas.Console.Test\dpas.Console.Test.xproj", "{B059D015-E713-4F0E-833B-E6897C3EE29F}"
EndProject
Project("{8BB2217D-0F2D-49D1-97BC-3654ED321F3B}") = "dpas.Json", "dpas.Json\dpas.Json.xproj", "{89AA90A9-7ED1-4B7E-B6A4-F0AF610B3CB0}"
EndProject
Global
	GlobalSection(SolutionConfigurationPlatforms) = preSolution
		Debug|Any CPU = Debug|Any CPU
		Release|Any CPU = Release|Any CPU
	EndGlobalSection
	GlobalSection(ProjectConfigurationPlatforms) = postSolution
		{03334850-FE3B-494B-8049-28DA0A5372A6}.Debug|Any CPU.ActiveCfg = Debug|Any CPU
		{03334850-FE3B-494B-8049-28DA0A5372A6}.Debug|Any CPU.Build.0 = Debug|Any CPU
		{03334850-FE3B-494B-8049-28DA0A5372A6}.Release|Any CPU.ActiveCfg = Release|Any CPU
		{03334850-FE3B-494B-8049-28DA0A5372A6}.Release|Any CPU.Build.0 = Release|Any CPU
		{4FC215E9-4F90-4791-83BC-45D5F63C568C}.Debug|Any CPU.ActiveCfg = Debug|Any CPU
		{4FC215E9-4F90-4791-83BC-45D5F63C568C}.Debug|Any CPU.Build.0 = Debug|Any CPU
		{4FC215E9-4F90-4791-83BC-45D5F63C568C}.Release|Any CPU.ActiveCfg = Release|Any CPU
		{4FC215E9-4F90-4791-83BC-45D5F63C568C}.Release|Any CPU.Build.0 = Release|Any CPU
		{98B1FDB8-6274-46E2-9FDA-CF7C7A9A7516}.Debug|Any CPU.ActiveCfg = Debug|Any CPU
		{98B1FDB8-6274-46E2-9FDA-CF7C7A9A7516}.Debug|Any CPU.Build.0 = Debug|Any CPU
		{98B1FDB8-6274-46E2-9FDA-CF7C7A9A7516}.Release|Any CPU.ActiveCfg = Release|Any CPU
		{98B1FDB8-6274-46E2-9FDA-CF7C7A9A7516}.Release|Any CPU.Build.0 = Release|Any CPU
		{1A4B6E33-2D58-4A93-BCBF-DC9805620E14}.Debug|Any CPU.ActiveCfg = Debug|Any CPU
		{1A4B6E33-2D58-4A93-BCBF-DC9805620E14}.Debug|Any CPU.Build.0 = Debug|Any CPU
		{1A4B6E33-2D58-4A93-BCBF-DC9805620E14}.Release|Any CPU.ActiveCfg = Release|Any CPU
		{1A4B6E33-2D58-4A93-BCBF-DC9805620E14}.Release|Any CPU.Build.0 = Release|Any CPU
		{8FCE52A0-FE78-45F3-825C-F130A50D8F23}.Debug|Any CPU.ActiveCfg = Debug|Any CPU
		{8FCE52A0-FE78-45F3-825C-F130A50D8F23}.Debug|Any CPU.Build.0 = Debug|Any CPU
		{8FCE52A0-FE78-45F3-825C-F130A50D8F23}.Release|Any CPU.ActiveCfg = Release|Any CPU
		{8FCE52A0-FE78-45F3-825C-F130A50D8F23}.Release|Any CPU.Build.0 = Release|Any CPU
		{91B2563C-2597-4D20-BC98-564D5B0F5BE0}.Debug|Any CPU.ActiveCfg = Debug|Any CPU
		{91B2563C-2597-4D20-BC98-564D5B0F5BE0}.Debug|Any CPU.Build.0 = Debug|Any CPU
		{91B2563C-2597-4D20-BC98-564D5B0F5BE0}.Release|Any CPU.ActiveCfg = Release|Any CPU
		{91B2563C-2597-4D20-BC98-564D5B0F5BE0}.Release|Any CPU.Build.0 = Release|Any CPU
		{438A85B0-72A0-4BB1-9991-20CDD45A8B9C}.Debug|Any CPU.ActiveCfg = Debug|Any CPU
		{438A85B0-72A0-4BB1-9991-20CDD45A8B9C}.Debug|Any CPU.Build.0 = Debug|Any CPU
		{438A85B0-72A0-4BB1-9991-20CDD45A8B9C}.Release|Any CPU.ActiveCfg = Release|Any CPU
		{438A85B0-72A0-4BB1-9991-20CDD45A8B9C}.Release|Any CPU.Build.0 = Release|Any CPU
		{A4F3D22A-F28F-42EC-87B7-3430DBAFC91E}.Debug|Any CPU.ActiveCfg = Debug|Any CPU
		{A4F3D22A-F28F-42EC-87B7-3430DBAFC91E}.Debug|Any CPU.Build.0 = Debug|Any CPU
		{A4F3D22A-F28F-42EC-87B7-3430DBAFC91E}.Release|Any CPU.ActiveCfg = Release|Any CPU
		{A4F3D22A-F28F-42EC-87B7-3430DBAFC91E}.Release|Any CPU.Build.0 = Release|Any CPU
		{A6C84E3C-2608-4C1B-A7D0-7508824C9AF7}.Debug|Any CPU.ActiveCfg = Debug|Any CPU
		{A6C84E3C-2608-4C1B-A7D0-7508824C9AF7}.Debug|Any CPU.Build.0 = Debug|Any CPU
		{A6C84E3C-2608-4C1B-A7D0-7508824C9AF7}.Release|Any CPU.ActiveCfg = Release|Any CPU
		{A6C84E3C-2608-4C1B-A7D0-7508824C9AF7}.Release|Any CPU.Build.0 = Release|Any CPU
		{B059D015-E713-4F0E-833B-E6897C3EE29F}.Debug|Any CPU.ActiveCfg = Debug|Any CPU
		{B059D015-E713-4F0E-833B-E6897C3EE29F}.Debug|Any CPU.Build.0 = Debug|Any CPU
		{B059D015-E713-4F0E-833B-E6897C3EE29F}.Release|Any CPU.ActiveCfg = Release|Any CPU
		{B059D015-E713-4F0E-833B-E6897C3EE29F}.Release|Any CPU.Build.0 = Release|Any CPU
		{89AA90A9-7ED1-4B7E-B6A4-F0AF610B3CB0}.Debug|Any CPU.ActiveCfg = Debug|Any CPU
		{89AA90A9-7ED1-4B7E-B6A4-F0AF610B3CB0}.Debug|Any CPU.Build.0 = Debug|Any CPU
		{89AA90A9-7ED1-4B7E-B6A4-F0AF610B3CB0}.Release|Any CPU.ActiveCfg = Release|Any CPU
		{89AA90A9-7ED1-4B7E-B6A4-F0AF610B3CB0}.Release|Any CPU.Build.0 = Release|Any CPU
	EndGlobalSection
	GlobalSection(SolutionProperties) = preSolution
		HideSolutionNode = FALSE
	EndGlobalSection
EndGlobal
