
Microsoft Visual Studio Solution File, Format Version 12.00
# Visual Studio 14
VisualStudioVersion = 14.0.25420.1
MinimumVisualStudioVersion = 10.0.40219.1
Project("{8BB2217D-0F2D-49D1-97BC-3654ED321F3B}") = "dpas.Core", "dpas.Core\dpas.Core.xproj", "{03334850-FE3B-494B-8049-28DA0A5372A6}"
EndProject
Project("{8BB2217D-0F2D-49D1-97BC-3654ED321F3B}") = "dpas.Net", "dpas.Net\dpas.Net.xproj", "{4FC215E9-4F90-4791-83BC-45D5F63C568C}"
EndProject
Project("{8BB2217D-0F2D-49D1-97BC-3654ED321F3B}") = "dpas.Console", "dpas.Console\dpas.Console.xproj", "{98B1FDB8-6274-46E2-9FDA-CF7C7A9A7516}"
EndProject
Project("{8BB2217D-0F2D-49D1-97BC-3654ED321F3B}") = "dpas.Service.Server", "dpas.Service.Server\dpas.Service.Server.xproj", "{1A4B6E33-2D58-4A93-BCBF-DC9805620E14}"
EndProject
Global
	GlobalSection(SolutionConfigurationPlatforms) = preSolution
		Debug|Any CPU = Debug|Any CPU
		Release|Any CPU = Release|Any CPU
	EndGlobalSection
	GlobalSection(ProjectConfigurationPlatforms) = postSolution
		{03334850-FE3B-494B-8049-28DA0A5372A6}.Debug|Any CPU.ActiveCfg = Debug|Any CPU
		{03334850-FE3B-494B-8049-28DA0A5372A6}.Debug|Any CPU.Build.0 = Debug|Any CPU
		{03334850-FE3B-494B-8049-28DA0A5372A6}.Release|Any CPU.ActiveCfg = Release|Any CPU
		{03334850-FE3B-494B-8049-28DA0A5372A6}.Release|Any CPU.Build.0 = Release|Any CPU
		{4FC215E9-4F90-4791-83BC-45D5F63C568C}.Debug|Any CPU.ActiveCfg = Debug|Any CPU
		{4FC215E9-4F90-4791-83BC-45D5F63C568C}.Debug|Any CPU.Build.0 = Debug|Any CPU
		{4FC215E9-4F90-4791-83BC-45D5F63C568C}.Release|Any CPU.ActiveCfg = Release|Any CPU
		{4FC215E9-4F90-4791-83BC-45D5F63C568C}.Release|Any CPU.Build.0 = Release|Any CPU
		{98B1FDB8-6274-46E2-9FDA-CF7C7A9A7516}.Debug|Any CPU.ActiveCfg = Debug|Any CPU
		{98B1FDB8-6274-46E2-9FDA-CF7C7A9A7516}.Debug|Any CPU.Build.0 = Debug|Any CPU
		{98B1FDB8-6274-46E2-9FDA-CF7C7A9A7516}.Release|Any CPU.ActiveCfg = Release|Any CPU
		{98B1FDB8-6274-46E2-9FDA-CF7C7A9A7516}.Release|Any CPU.Build.0 = Release|Any CPU
		{1A4B6E33-2D58-4A93-BCBF-DC9805620E14}.Debug|Any CPU.ActiveCfg = Debug|Any CPU
		{1A4B6E33-2D58-4A93-BCBF-DC9805620E14}.Debug|Any CPU.Build.0 = Debug|Any CPU
		{1A4B6E33-2D58-4A93-BCBF-DC9805620E14}.Release|Any CPU.ActiveCfg = Release|Any CPU
		{1A4B6E33-2D58-4A93-BCBF-DC9805620E14}.Release|Any CPU.Build.0 = Release|Any CPU
	EndGlobalSection
	GlobalSection(SolutionProperties) = preSolution
		HideSolutionNode = FALSE
	EndGlobalSection
EndGlobal
